
Microsoft Visual Studio Solution File, Format Version 12.00
# Visual Studio Version 16
VisualStudioVersion = 16.0.29519.87
MinimumVisualStudioVersion = 10.0.40219.1
Project("{8BC9CEB8-8B4A-11D0-8D11-00A0C91BC942}") = "w0", "w0\w0.vcxproj", "{334B4D1D-A1BB-43DB-A4BA-00F01435559B}"
EndProject
Global
	GlobalSection(SolutionConfigurationPlatforms) = preSolution
		Debug|x64 = Debug|x64
		Debug|x86 = Debug|x86
		Release|x64 = Release|x64
		Release|x86 = Release|x86
	EndGlobalSection
	GlobalSection(ProjectConfigurationPlatforms) = postSolution
		{334B4D1D-A1BB-43DB-A4BA-00F01435559B}.Debug|x64.ActiveCfg = Debug|x64
		{334B4D1D-A1BB-43DB-A4BA-00F01435559B}.Debug|x64.Build.0 = Debug|x64
		{334B4D1D-A1BB-43DB-A4BA-00F01435559B}.Debug|x86.ActiveCfg = Debug|Win32
		{334B4D1D-A1BB-43DB-A4BA-00F01435559B}.Debug|x86.Build.0 = Debug|Win32
		{334B4D1D-A1BB-43DB-A4BA-00F01435559B}.Release|x64.ActiveCfg = Release|x64
		{334B4D1D-A1BB-43DB-A4BA-00F01435559B}.Release|x64.Build.0 = Release|x64
		{334B4D1D-A1BB-43DB-A4BA-00F01435559B}.Release|x86.ActiveCfg = Release|Win32
		{334B4D1D-A1BB-43DB-A4BA-00F01435559B}.Release|x86.Build.0 = Release|Win32
	EndGlobalSection
	GlobalSection(SolutionProperties) = preSolution
		HideSolutionNode = FALSE
	EndGlobalSection
	GlobalSection(ExtensibilityGlobals) = postSolution
		SolutionGuid = {FEDC17C8-16A3-4F41-9252-0D4B24BE377A}
	EndGlobalSection
EndGlobal
